// !$*UTF8*$!
{
	archiveVersion = 1;
	classes = {
	};
	objectVersion = 50;
	objects = {

/* Begin PBXBuildFile section */
		3F9395D32357DA2A00B15DBB /* AppDelegate.swift in Sources */ = {isa = PBXBuildFile; fileRef = 3F9395D22357DA2A00B15DBB /* AppDelegate.swift */; };
		3F9395D52357DA2A00B15DBB /* ViewController.swift in Sources */ = {isa = PBXBuildFile; fileRef = 3F9395D42357DA2A00B15DBB /* ViewController.swift */; };
		3F9395D82357DA2A00B15DBB /* Main.storyboard in Resources */ = {isa = PBXBuildFile; fileRef = 3F9395D62357DA2A00B15DBB /* Main.storyboard */; };
		3F9395DA2357DA2C00B15DBB /* Assets.xcassets in Resources */ = {isa = PBXBuildFile; fileRef = 3F9395D92357DA2C00B15DBB /* Assets.xcassets */; };
		3F9395DD2357DA2C00B15DBB /* LaunchScreen.storyboard in Resources */ = {isa = PBXBuildFile; fileRef = 3F9395DB2357DA2C00B15DBB /* LaunchScreen.storyboard */; };
		3F9395E82357DA2C00B15DBB /* ShoppingListTests.swift in Sources */ = {isa = PBXBuildFile; fileRef = 3F9395E72357DA2C00B15DBB /* ShoppingListTests.swift */; };
		3F9395F32357DA2C00B15DBB /* ShoppingListUITests.swift in Sources */ = {isa = PBXBuildFile; fileRef = 3F9395F22357DA2C00B15DBB /* ShoppingListUITests.swift */; };
/* End PBXBuildFile section */

/* Begin PBXContainerItemProxy section */
		3F9395E42357DA2C00B15DBB /* PBXContainerItemProxy */ = {
			isa = PBXContainerItemProxy;
			containerPortal = 3F9395C72357DA2A00B15DBB /* Project object */;
			proxyType = 1;
			remoteGlobalIDString = 3F9395CE2357DA2A00B15DBB;
			remoteInfo = ShoppingList;
		};
		3F9395EF2357DA2C00B15DBB /* PBXContainerItemProxy */ = {
			isa = PBXContainerItemProxy;
			containerPortal = 3F9395C72357DA2A00B15DBB /* Project object */;
			proxyType = 1;
			remoteGlobalIDString = 3F9395CE2357DA2A00B15DBB;
			remoteInfo = ShoppingList;
		};
/* End PBXContainerItemProxy section */

/* Begin PBXFileReference section */
		3F9395CF2357DA2A00B15DBB /* ShoppingList.app */ = {isa = PBXFileReference; explicitFileType = wrapper.application; includeInIndex = 0; path = ShoppingList.app; sourceTree = BUILT_PRODUCTS_DIR; };
		3F9395D22357DA2A00B15DBB /* AppDelegate.swift */ = {isa = PBXFileReference; lastKnownFileType = sourcecode.swift; path = AppDelegate.swift; sourceTree = "<group>"; };
		3F9395D42357DA2A00B15DBB /* ViewController.swift */ = {isa = PBXFileReference; lastKnownFileType = sourcecode.swift; path = ViewController.swift; sourceTree = "<group>"; };
		3F9395D72357DA2A00B15DBB /* Base */ = {isa = PBXFileReference; lastKnownFileType = file.storyboard; name = Base; path = Base.lproj/Main.storyboard; sourceTree = "<group>"; };
		3F9395D92357DA2C00B15DBB /* Assets.xcassets */ = {isa = PBXFileReference; lastKnownFileType = folder.assetcatalog; path = Assets.xcassets; sourceTree = "<group>"; };
		3F9395DC2357DA2C00B15DBB /* Base */ = {isa = PBXFileReference; lastKnownFileType = file.storyboard; name = Base; path = Base.lproj/LaunchScreen.storyboard; sourceTree = "<group>"; };
		3F9395DE2357DA2C00B15DBB /* Info.plist */ = {isa = PBXFileReference; lastKnownFileType = text.plist.xml; path = Info.plist; sourceTree = "<group>"; };
		3F9395E32357DA2C00B15DBB /* ShoppingListTests.xctest */ = {isa = PBXFileReference; explicitFileType = wrapper.cfbundle; includeInIndex = 0; path = ShoppingListTests.xctest; sourceTree = BUILT_PRODUCTS_DIR; };
		3F9395E72357DA2C00B15DBB /* ShoppingListTests.swift */ = {isa = PBXFileReference; lastKnownFileType = sourcecode.swift; path = ShoppingListTests.swift; sourceTree = "<group>"; };
		3F9395E92357DA2C00B15DBB /* Info.plist */ = {isa = PBXFileReference; lastKnownFileType = text.plist.xml; path = Info.plist; sourceTree = "<group>"; };
		3F9395EE2357DA2C00B15DBB /* ShoppingListUITests.xctest */ = {isa = PBXFileReference; explicitFileType = wrapper.cfbundle; includeInIndex = 0; path = ShoppingListUITests.xctest; sourceTree = BUILT_PRODUCTS_DIR; };
		3F9395F22357DA2C00B15DBB /* ShoppingListUITests.swift */ = {isa = PBXFileReference; lastKnownFileType = sourcecode.swift; path = ShoppingListUITests.swift; sourceTree = "<group>"; };
		3F9395F42357DA2C00B15DBB /* Info.plist */ = {isa = PBXFileReference; lastKnownFileType = text.plist.xml; path = Info.plist; sourceTree = "<group>"; };
/* End PBXFileReference section */

/* Begin PBXFrameworksBuildPhase section */
		3F9395CC2357DA2A00B15DBB /* Frameworks */ = {
			isa = PBXFrameworksBuildPhase;
			buildActionMask = 2147483647;
			files = (
			);
			runOnlyForDeploymentPostprocessing = 0;
		};
		3F9395E02357DA2C00B15DBB /* Frameworks */ = {
			isa = PBXFrameworksBuildPhase;
			buildActionMask = 2147483647;
			files = (
			);
			runOnlyForDeploymentPostprocessing = 0;
		};
		3F9395EB2357DA2C00B15DBB /* Frameworks */ = {
			isa = PBXFrameworksBuildPhase;
			buildActionMask = 2147483647;
			files = (
			);
			runOnlyForDeploymentPostprocessing = 0;
		};
/* End PBXFrameworksBuildPhase section */

/* Begin PBXGroup section */
		3F9395C62357DA2A00B15DBB = {
			isa = PBXGroup;
			children = (
				3F9395D12357DA2A00B15DBB /* ShoppingList */,
				3F9395E62357DA2C00B15DBB /* ShoppingListTests */,
				3F9395F12357DA2C00B15DBB /* ShoppingListUITests */,
				3F9395D02357DA2A00B15DBB /* Products */,
			);
			sourceTree = "<group>";
		};
		3F9395D02357DA2A00B15DBB /* Products */ = {
			isa = PBXGroup;
			children = (
				3F9395CF2357DA2A00B15DBB /* ShoppingList.app */,
				3F9395E32357DA2C00B15DBB /* ShoppingListTests.xctest */,
				3F9395EE2357DA2C00B15DBB /* ShoppingListUITests.xctest */,
			);
			name = Products;
			sourceTree = "<group>";
		};
		3F9395D12357DA2A00B15DBB /* ShoppingList */ = {
			isa = PBXGroup;
			children = (
				3F9395D22357DA2A00B15DBB /* AppDelegate.swift */,
				3F9395D42357DA2A00B15DBB /* ViewController.swift */,
				3F9395D62357DA2A00B15DBB /* Main.storyboard */,
				3F9395D92357DA2C00B15DBB /* Assets.xcassets */,
				3F9395DB2357DA2C00B15DBB /* LaunchScreen.storyboard */,
				3F9395DE2357DA2C00B15DBB /* Info.plist */,
			);
			path = ShoppingList;
			sourceTree = "<group>";
		};
		3F9395E62357DA2C00B15DBB /* ShoppingListTests */ = {
			isa = PBXGroup;
			children = (
				3F9395E72357DA2C00B15DBB /* ShoppingListTests.swift */,
				3F9395E92357DA2C00B15DBB /* Info.plist */,
			);
			path = ShoppingListTests;
			sourceTree = "<group>";
		};
		3F9395F12357DA2C00B15DBB /* ShoppingListUITests */ = {
			isa = PBXGroup;
			children = (
				3F9395F22357DA2C00B15DBB /* ShoppingListUITests.swift */,
				3F9395F42357DA2C00B15DBB /* Info.plist */,
			);
			path = ShoppingListUITests;
			sourceTree = "<group>";
		};
/* End PBXGroup section */

/* Begin PBXNativeTarget section */
		3F9395CE2357DA2A00B15DBB /* ShoppingList */ = {
			isa = PBXNativeTarget;
			buildConfigurationList = 3F9395F72357DA2C00B15DBB /* Build configuration list for PBXNativeTarget "ShoppingList" */;
			buildPhases = (
				3F9395CB2357DA2A00B15DBB /* Sources */,
				3F9395CC2357DA2A00B15DBB /* Frameworks */,
				3F9395CD2357DA2A00B15DBB /* Resources */,
			);
			buildRules = (
			);
			dependencies = (
			);
			name = ShoppingList;
			productName = ShoppingList;
			productReference = 3F9395CF2357DA2A00B15DBB /* ShoppingList.app */;
			productType = "com.apple.product-type.application";
		};
		3F9395E22357DA2C00B15DBB /* ShoppingListTests */ = {
			isa = PBXNativeTarget;
			buildConfigurationList = 3F9395FA2357DA2C00B15DBB /* Build configuration list for PBXNativeTarget "ShoppingListTests" */;
			buildPhases = (
				3F9395DF2357DA2C00B15DBB /* Sources */,
				3F9395E02357DA2C00B15DBB /* Frameworks */,
				3F9395E12357DA2C00B15DBB /* Resources */,
			);
			buildRules = (
			);
			dependencies = (
				3F9395E52357DA2C00B15DBB /* PBXTargetDependency */,
			);
			name = ShoppingListTests;
			productName = ShoppingListTests;
			productReference = 3F9395E32357DA2C00B15DBB /* ShoppingListTests.xctest */;
			productType = "com.apple.product-type.bundle.unit-test";
		};
		3F9395ED2357DA2C00B15DBB /* ShoppingListUITests */ = {
			isa = PBXNativeTarget;
			buildConfigurationList = 3F9395FD2357DA2C00B15DBB /* Build configuration list for PBXNativeTarget "ShoppingListUITests" */;
			buildPhases = (
				3F9395EA2357DA2C00B15DBB /* Sources */,
				3F9395EB2357DA2C00B15DBB /* Frameworks */,
				3F9395EC2357DA2C00B15DBB /* Resources */,
			);
			buildRules = (
			);
			dependencies = (
				3F9395F02357DA2C00B15DBB /* PBXTargetDependency */,
			);
			name = ShoppingListUITests;
			productName = ShoppingListUITests;
			productReference = 3F9395EE2357DA2C00B15DBB /* ShoppingListUITests.xctest */;
			productType = "com.apple.product-type.bundle.ui-testing";
		};
/* End PBXNativeTarget section */

/* Begin PBXProject section */
		3F9395C72357DA2A00B15DBB /* Project object */ = {
			isa = PBXProject;
			attributes = {
				LastSwiftUpdateCheck = 1030;
				LastUpgradeCheck = 1030;
				ORGANIZATIONNAME = CentennialCollege;
				TargetAttributes = {
					3F9395CE2357DA2A00B15DBB = {
						CreatedOnToolsVersion = 10.3;
					};
					3F9395E22357DA2C00B15DBB = {
						CreatedOnToolsVersion = 10.3;
						TestTargetID = 3F9395CE2357DA2A00B15DBB;
					};
					3F9395ED2357DA2C00B15DBB = {
						CreatedOnToolsVersion = 10.3;
						TestTargetID = 3F9395CE2357DA2A00B15DBB;
					};
				};
			};
			buildConfigurationList = 3F9395CA2357DA2A00B15DBB /* Build configuration list for PBXProject "ShoppingList" */;
			compatibilityVersion = "Xcode 9.3";
			developmentRegion = en;
			hasScannedForEncodings = 0;
			knownRegions = (
				en,
				Base,
			);
			mainGroup = 3F9395C62357DA2A00B15DBB;
			productRefGroup = 3F9395D02357DA2A00B15DBB /* Products */;
			projectDirPath = "";
			projectRoot = "";
			targets = (
				3F9395CE2357DA2A00B15DBB /* ShoppingList */,
				3F9395E22357DA2C00B15DBB /* ShoppingListTests */,
				3F9395ED2357DA2C00B15DBB /* ShoppingListUITests */,
			);
		};
/* End PBXProject section */

/* Begin PBXResourcesBuildPhase section */
		3F9395CD2357DA2A00B15DBB /* Resources */ = {
			isa = PBXResourcesBuildPhase;
			buildActionMask = 2147483647;
			files = (
				3F9395DD2357DA2C00B15DBB /* LaunchScreen.storyboard in Resources */,
				3F9395DA2357DA2C00B15DBB /* Assets.xcassets in Resources */,
				3F9395D82357DA2A00B15DBB /* Main.storyboard in Resources */,
			);
			runOnlyForDeploymentPostprocessing = 0;
		};
		3F9395E12357DA2C00B15DBB /* Resources */ = {
			isa = PBXResourcesBuildPhase;
			buildActionMask = 2147483647;
			files = (
			);
			runOnlyForDeploymentPostprocessing = 0;
		};
		3F9395EC2357DA2C00B15DBB /* Resources */ = {
			isa = PBXResourcesBuildPhase;
			buildActionMask = 2147483647;
			files = (
			);
			runOnlyForDeploymentPostprocessing = 0;
		};
/* End PBXResourcesBuildPhase section */

/* Begin PBXSourcesBuildPhase section */
		3F9395CB2357DA2A00B15DBB /* Sources */ = {
			isa = PBXSourcesBuildPhase;
			buildActionMask = 2147483647;
			files = (
				3F9395D52357DA2A00B15DBB /* ViewController.swift in Sources */,
				3F9395D32357DA2A00B15DBB /* AppDelegate.swift in Sources */,
			);
			runOnlyForDeploymentPostprocessing = 0;
		};
		3F9395DF2357DA2C00B15DBB /* Sources */ = {
			isa = PBXSourcesBuildPhase;
			buildActionMask = 2147483647;
			files = (
				3F9395E82357DA2C00B15DBB /* ShoppingListTests.swift in Sources */,
			);
			runOnlyForDeploymentPostprocessing = 0;
		};
		3F9395EA2357DA2C00B15DBB /* Sources */ = {
			isa = PBXSourcesBuildPhase;
			buildActionMask = 2147483647;
			files = (
				3F9395F32357DA2C00B15DBB /* ShoppingListUITests.swift in Sources */,
			);
			runOnlyForDeploymentPostprocessing = 0;
		};
/* End PBXSourcesBuildPhase section */

/* Begin PBXTargetDependency section */
		3F9395E52357DA2C00B15DBB /* PBXTargetDependency */ = {
			isa = PBXTargetDependency;
			target = 3F9395CE2357DA2A00B15DBB /* ShoppingList */;
			targetProxy = 3F9395E42357DA2C00B15DBB /* PBXContainerItemProxy */;
		};
		3F9395F02357DA2C00B15DBB /* PBXTargetDependency */ = {
			isa = PBXTargetDependency;
			target = 3F9395CE2357DA2A00B15DBB /* ShoppingList */;
			targetProxy = 3F9395EF2357DA2C00B15DBB /* PBXContainerItemProxy */;
		};
/* End PBXTargetDependency section */

/* Begin PBXVariantGroup section */
		3F9395D62357DA2A00B15DBB /* Main.storyboard */ = {
			isa = PBXVariantGroup;
			children = (
				3F9395D72357DA2A00B15DBB /* Base */,
			);
			name = Main.storyboard;
			sourceTree = "<group>";
		};
		3F9395DB2357DA2C00B15DBB /* LaunchScreen.storyboard */ = {
			isa = PBXVariantGroup;
			children = (
				3F9395DC2357DA2C00B15DBB /* Base */,
			);
			name = LaunchScreen.storyboard;
			sourceTree = "<group>";
		};
/* End PBXVariantGroup section */

/* Begin XCBuildConfiguration section */
		3F9395F52357DA2C00B15DBB /* Debug */ = {
			isa = XCBuildConfiguration;
			buildSettings = {
				ALWAYS_SEARCH_USER_PATHS = NO;
				CLANG_ANALYZER_NONNULL = YES;
				CLANG_ANALYZER_NUMBER_OBJECT_CONVERSION = YES_AGGRESSIVE;
				CLANG_CXX_LANGUAGE_STANDARD = "gnu++14";
				CLANG_CXX_LIBRARY = "libc++";
				CLANG_ENABLE_MODULES = YES;
				CLANG_ENABLE_OBJC_ARC = YES;
				CLANG_ENABLE_OBJC_WEAK = YES;
				CLANG_WARN_BLOCK_CAPTURE_AUTORELEASING = YES;
				CLANG_WARN_BOOL_CONVERSION = YES;
				CLANG_WARN_COMMA = YES;
				CLANG_WARN_CONSTANT_CONVERSION = YES;
				CLANG_WARN_DEPRECATED_OBJC_IMPLEMENTATIONS = YES;
				CLANG_WARN_DIRECT_OBJC_ISA_USAGE = YES_ERROR;
				CLANG_WARN_DOCUMENTATION_COMMENTS = YES;
				CLANG_WARN_EMPTY_BODY = YES;
				CLANG_WARN_ENUM_CONVERSION = YES;
				CLANG_WARN_INFINITE_RECURSION = YES;
				CLANG_WARN_INT_CONVERSION = YES;
				CLANG_WARN_NON_LITERAL_NULL_CONVERSION = YES;
				CLANG_WARN_OBJC_IMPLICIT_RETAIN_SELF = YES;
				CLANG_WARN_OBJC_LITERAL_CONVERSION = YES;
				CLANG_WARN_OBJC_ROOT_CLASS = YES_ERROR;
				CLANG_WARN_RANGE_LOOP_ANALYSIS = YES;
				CLANG_WARN_STRICT_PROTOTYPES = YES;
				CLANG_WARN_SUSPICIOUS_MOVE = YES;
				CLANG_WARN_UNGUARDED_AVAILABILITY = YES_AGGRESSIVE;
				CLANG_WARN_UNREACHABLE_CODE = YES;
				CLANG_WARN__DUPLICATE_METHOD_MATCH = YES;
				CODE_SIGN_IDENTITY = "iPhone Developer";
				COPY_PHASE_STRIP = NO;
				DEBUG_INFORMATION_FORMAT = dwarf;
				ENABLE_STRICT_OBJC_MSGSEND = YES;
				ENABLE_TESTABILITY = YES;
				GCC_C_LANGUAGE_STANDARD = gnu11;
				GCC_DYNAMIC_NO_PIC = NO;
				GCC_NO_COMMON_BLOCKS = YES;
				GCC_OPTIMIZATION_LEVEL = 0;
				GCC_PREPROCESSOR_DEFINITIONS = (
					"DEBUG=1",
					"$(inherited)",
				);
				GCC_WARN_64_TO_32_BIT_CONVERSION = YES;
				GCC_WARN_ABOUT_RETURN_TYPE = YES_ERROR;
				GCC_WARN_UNDECLARED_SELECTOR = YES;
				GCC_WARN_UNINITIALIZED_AUTOS = YES_AGGRESSIVE;
				GCC_WARN_UNUSED_FUNCTION = YES;
				GCC_WARN_UNUSED_VARIABLE = YES;
				IPHONEOS_DEPLOYMENT_TARGET = 12.4;
				MTL_ENABLE_DEBUG_INFO = INCLUDE_SOURCE;
				MTL_FAST_MATH = YES;
				ONLY_ACTIVE_ARCH = YES;
				SDKROOT = iphoneos;
				SWIFT_ACTIVE_COMPILATION_CONDITIONS = DEBUG;
				SWIFT_OPTIMIZATION_LEVEL = "-Onone";
			};
			name = Debug;
		};
		3F9395F62357DA2C00B15DBB /* Release */ = {
			isa = XCBuildConfiguration;
			buildSettings = {
				ALWAYS_SEARCH_USER_PATHS = NO;
				CLANG_ANALYZER_NONNULL = YES;
				CLANG_ANALYZER_NUMBER_OBJECT_CONVERSION = YES_AGGRESSIVE;
				CLANG_CXX_LANGUAGE_STANDARD = "gnu++14";
				CLANG_CXX_LIBRARY = "libc++";
				CLANG_ENABLE_MODULES = YES;
				CLANG_ENABLE_OBJC_ARC = YES;
				CLANG_ENABLE_OBJC_WEAK = YES;
				CLANG_WARN_BLOCK_CAPTURE_AUTORELEASING = YES;
				CLANG_WARN_BOOL_CONVERSION = YES;
				CLANG_WARN_COMMA = YES;
				CLANG_WARN_CONSTANT_CONVERSION = YES;
				CLANG_WARN_DEPRECATED_OBJC_IMPLEMENTATIONS = YES;
				CLANG_WARN_DIRECT_OBJC_ISA_USAGE = YES_ERROR;
				CLANG_WARN_DOCUMENTATION_COMMENTS = YES;
				CLANG_WARN_EMPTY_BODY = YES;
				CLANG_WARN_ENUM_CONVERSION = YES;
				CLANG_WARN_INFINITE_RECURSION = YES;
				CLANG_WARN_INT_CONVERSION = YES;
				CLANG_WARN_NON_LITERAL_NULL_CONVERSION = YES;
				CLANG_WARN_OBJC_IMPLICIT_RETAIN_SELF = YES;
				CLANG_WARN_OBJC_LITERAL_CONVERSION = YES;
				CLANG_WARN_OBJC_ROOT_CLASS = YES_ERROR;
				CLANG_WARN_RANGE_LOOP_ANALYSIS = YES;
				CLANG_WARN_STRICT_PROTOTYPES = YES;
				CLANG_WARN_SUSPICIOUS_MOVE = YES;
				CLANG_WARN_UNGUARDED_AVAILABILITY = YES_AGGRESSIVE;
				CLANG_WARN_UNREACHABLE_CODE = YES;
				CLANG_WARN__DUPLICATE_METHOD_MATCH = YES;
				CODE_SIGN_IDENTITY = "iPhone Developer";
				COPY_PHASE_STRIP = NO;
				DEBUG_INFORMATION_FORMAT = "dwarf-with-dsym";
				ENABLE_NS_ASSERTIONS = NO;
				ENABLE_STRICT_OBJC_MSGSEND = YES;
				GCC_C_LANGUAGE_STANDARD = gnu11;
				GCC_NO_COMMON_BLOCKS = YES;
				GCC_WARN_64_TO_32_BIT_CONVERSION = YES;
				GCC_WARN_ABOUT_RETURN_TYPE = YES_ERROR;
				GCC_WARN_UNDECLARED_SELECTOR = YES;
				GCC_WARN_UNINITIALIZED_AUTOS = YES_AGGRESSIVE;
				GCC_WARN_UNUSED_FUNCTION = YES;
				GCC_WARN_UNUSED_VARIABLE = YES;
				IPHONEOS_DEPLOYMENT_TARGET = 12.4;
				MTL_ENABLE_DEBUG_INFO = NO;
				MTL_FAST_MATH = YES;
				SDKROOT = iphoneos;
				SWIFT_COMPILATION_MODE = wholemodule;
				SWIFT_OPTIMIZATION_LEVEL = "-O";
				VALIDATE_PRODUCT = YES;
			};
			name = Release;
		};
		3F9395F82357DA2C00B15DBB /* Debug */ = {
			isa = XCBuildConfiguration;
			buildSettings = {
				ASSETCATALOG_COMPILER_APPICON_NAME = AppIcon;
				CODE_SIGN_STYLE = Automatic;
				DEVELOPMENT_TEAM = 2BULHRS882;
				INFOPLIST_FILE = ShoppingList/Info.plist;
				LD_RUNPATH_SEARCH_PATHS = (
					"$(inherited)",
					"@executable_path/Frameworks",
				);
				PRODUCT_BUNDLE_IDENTIFIER = ca.centennialcollege.ShoppingList;
				PRODUCT_NAME = "$(TARGET_NAME)";
				SWIFT_VERSION = 5.0;
				TARGETED_DEVICE_FAMILY = "1,2";
			};
			name = Debug;
		};
		3F9395F92357DA2C00B15DBB /* Release */ = {
			isa = XCBuildConfiguration;
			buildSettings = {
				ASSETCATALOG_COMPILER_APPICON_NAME = AppIcon;
				CODE_SIGN_STYLE = Automatic;
				DEVELOPMENT_TEAM = 2BULHRS882;
				INFOPLIST_FILE = ShoppingList/Info.plist;
				LD_RUNPATH_SEARCH_PATHS = (
					"$(inherited)",
					"@executable_path/Frameworks",
				);
				PRODUCT_BUNDLE_IDENTIFIER = ca.centennialcollege.ShoppingList;
				PRODUCT_NAME = "$(TARGET_NAME)";
				SWIFT_VERSION = 5.0;
				TARGETED_DEVICE_FAMILY = "1,2";
			};
			name = Release;
		};
		3F9395FB2357DA2C00B15DBB /* Debug */ = {
			isa = XCBuildConfiguration;
			buildSettings = {
				ALWAYS_EMBED_SWIFT_STANDARD_LIBRARIES = YES;
				BUNDLE_LOADER = "$(TEST_HOST)";
				CODE_SIGN_STYLE = Automatic;
				DEVELOPMENT_TEAM = 2BULHRS882;
				INFOPLIST_FILE = ShoppingListTests/Info.plist;
				LD_RUNPATH_SEARCH_PATHS = (
					"$(inherited)",
					"@executable_path/Frameworks",
					"@loader_path/Frameworks",
				);
				PRODUCT_BUNDLE_IDENTIFIER = ca.centennialcollege.ShoppingListTests;
				PRODUCT_NAME = "$(TARGET_NAME)";
				SWIFT_VERSION = 5.0;
				TARGETED_DEVICE_FAMILY = "1,2";
				TEST_HOST = "$(BUILT_PRODUCTS_DIR)/ShoppingList.app/ShoppingList";
			};
			name = Debug;
		};
		3F9395FC2357DA2C00B15DBB /* Release */ = {
			isa = XCBuildConfiguration;
			buildSettings = {
				ALWAYS_EMBED_SWIFT_STANDARD_LIBRARIES = YES;
				BUNDLE_LOADER = "$(TEST_HOST)";
				CODE_SIGN_STYLE = Automatic;
				DEVELOPMENT_TEAM = 2BULHRS882;
				INFOPLIST_FILE = ShoppingListTests/Info.plist;
				LD_RUNPATH_SEARCH_PATHS = (
					"$(inherited)",
					"@executable_path/Frameworks",
					"@loader_path/Frameworks",
				);
				PRODUCT_BUNDLE_IDENTIFIER = ca.centennialcollege.ShoppingListTests;
				PRODUCT_NAME = "$(TARGET_NAME)";
				SWIFT_VERSION = 5.0;
				TARGETED_DEVICE_FAMILY = "1,2";
				TEST_HOST = "$(BUILT_PRODUCTS_DIR)/ShoppingList.app/ShoppingList";
			};
			name = Release;
		};
		3F9395FE2357DA2C00B15DBB /* Debug */ = {
			isa = XCBuildConfiguration;
			buildSettings = {
				ALWAYS_EMBED_SWIFT_STANDARD_LIBRARIES = YES;
				CODE_SIGN_STYLE = Automatic;
				DEVELOPMENT_TEAM = 2BULHRS882;
				INFOPLIST_FILE = ShoppingListUITests/Info.plist;
				LD_RUNPATH_SEARCH_PATHS = (
					"$(inherited)",
					"@executable_path/Frameworks",
					"@loader_path/Frameworks",
				);
				PRODUCT_BUNDLE_IDENTIFIER = ca.centennialcollege.ShoppingListUITests;
				PRODUCT_NAME = "$(TARGET_NAME)";
				SWIFT_VERSION = 5.0;
				TARGETED_DEVICE_FAMILY = "1,2";
				TEST_TARGET_NAME = ShoppingList;
			};
			name = Debug;
		};
		3F9395FF2357DA2C00B15DBB /* Release */ = {
			isa = XCBuildConfiguration;
			buildSettings = {
				ALWAYS_EMBED_SWIFT_STANDARD_LIBRARIES = YES;
				CODE_SIGN_STYLE = Automatic;
				DEVELOPMENT_TEAM = 2BULHRS882;
				INFOPLIST_FILE = ShoppingListUITests/Info.plist;
				LD_RUNPATH_SEARCH_PATHS = (
					"$(inherited)",
					"@executable_path/Frameworks",
					"@loader_path/Frameworks",
				);
				PRODUCT_BUNDLE_IDENTIFIER = ca.centennialcollege.ShoppingListUITests;
				PRODUCT_NAME = "$(TARGET_NAME)";
				SWIFT_VERSION = 5.0;
				TARGETED_DEVICE_FAMILY = "1,2";
				TEST_TARGET_NAME = ShoppingList;
			};
			name = Release;
		};
/* End XCBuildConfiguration section */

/* Begin XCConfigurationList section */
		3F9395CA2357DA2A00B15DBB /* Build configuration list for PBXProject "ShoppingList" */ = {
			isa = XCConfigurationList;
			buildConfigurations = (
				3F9395F52357DA2C00B15DBB /* Debug */,
				3F9395F62357DA2C00B15DBB /* Release */,
			);
			defaultConfigurationIsVisible = 0;
			defaultConfigurationName = Release;
		};
		3F9395F72357DA2C00B15DBB /* Build configuration list for PBXNativeTarget "ShoppingList" */ = {
			isa = XCConfigurationList;
			buildConfigurations = (
				3F9395F82357DA2C00B15DBB /* Debug */,
				3F9395F92357DA2C00B15DBB /* Release */,
			);
			defaultConfigurationIsVisible = 0;
			defaultConfigurationName = Release;
		};
		3F9395FA2357DA2C00B15DBB /* Build configuration list for PBXNativeTarget "ShoppingListTests" */ = {
			isa = XCConfigurationList;
			buildConfigurations = (
				3F9395FB2357DA2C00B15DBB /* Debug */,
				3F9395FC2357DA2C00B15DBB /* Release */,
			);
			defaultConfigurationIsVisible = 0;
			defaultConfigurationName = Release;
		};
		3F9395FD2357DA2C00B15DBB /* Build configuration list for PBXNativeTarget "ShoppingListUITests" */ = {
			isa = XCConfigurationList;
			buildConfigurations = (
				3F9395FE2357DA2C00B15DBB /* Debug */,
				3F9395FF2357DA2C00B15DBB /* Release */,
			);
			defaultConfigurationIsVisible = 0;
			defaultConfigurationName = Release;
		};
/* End XCConfigurationList section */
	};
	rootObject = 3F9395C72357DA2A00B15DBB /* Project object */;
}
